
Microsoft Visual Studio Solution File, Format Version 12.00
# Visual Studio 15
VisualStudioVersion = 15.0.27703.2018
MinimumVisualStudioVersion = 10.0.40219.1
Project("{9A19103F-16F7-4668-BE54-9A1E7A4F7556}") = "CarShowRoom", "CarShowRoom.csproj", "{B1B1CE92-1076-4930-AE73-7D369B337DF3}"
EndProject
Global
	GlobalSection(SolutionConfigurationPlatforms) = preSolution
		Debug|Any CPU = Debug|Any CPU
		Release|Any CPU = Release|Any CPU
	EndGlobalSection
	GlobalSection(ProjectConfigurationPlatforms) = postSolution
		{B1B1CE92-1076-4930-AE73-7D369B337DF3}.Debug|Any CPU.ActiveCfg = Debug|Any CPU
		{B1B1CE92-1076-4930-AE73-7D369B337DF3}.Debug|Any CPU.Build.0 = Debug|Any CPU
		{B1B1CE92-1076-4930-AE73-7D369B337DF3}.Release|Any CPU.ActiveCfg = Release|Any CPU
		{B1B1CE92-1076-4930-AE73-7D369B337DF3}.Release|Any CPU.Build.0 = Release|Any CPU
	EndGlobalSection
	GlobalSection(SolutionProperties) = preSolution
		HideSolutionNode = FALSE
	EndGlobalSection
	GlobalSection(ExtensibilityGlobals) = postSolution
		SolutionGuid = {CF137791-5B95-4766-AEEC-A043C5ECCA30}
	EndGlobalSection
EndGlobal
